
Microsoft Visual Studio Solution File, Format Version 12.00
# Visual Studio 2012
VisualStudioVersion = 12.0.40629.0
MinimumVisualStudioVersion = 10.0.40219.1
Project("{FAE04EC0-301F-11D3-BF4B-00C04F79EFBC}") = "geometry-worker", "geometry-worker\geometry-worker.csproj", "{C1544EED-099B-435D-8F7B-593F0706BBCE}"
EndProject
Project("{FAE04EC0-301F-11D3-BF4B-00C04F79EFBC}") = "geometry-worker-tests", "geometry-worker-tests\geometry-worker-tests.csproj", "{10D7FB69-121E-4B52-BBD3-3AAB4DF704F4}"
EndProject
Global
	GlobalSection(SolutionConfigurationPlatforms) = preSolution
		Debug|Any CPU = Debug|Any CPU
		Debug|ARM = Debug|ARM
		Debug|x64 = Debug|x64
		Debug|x86 = Debug|x86
		Release|Any CPU = Release|Any CPU
		Release|ARM = Release|ARM
		Release|x64 = Release|x64
		Release|x86 = Release|x86
	EndGlobalSection
	GlobalSection(ProjectConfigurationPlatforms) = postSolution
		{10D7FB69-121E-4B52-BBD3-3AAB4DF704F4}.Debug|Any CPU.ActiveCfg = Debug|Any CPU
		{10D7FB69-121E-4B52-BBD3-3AAB4DF704F4}.Debug|Any CPU.Build.0 = Debug|Any CPU
		{10D7FB69-121E-4B52-BBD3-3AAB4DF704F4}.Debug|ARM.ActiveCfg = Debug|Any CPU
		{10D7FB69-121E-4B52-BBD3-3AAB4DF704F4}.Debug|ARM.Build.0 = Debug|Any CPU
		{10D7FB69-121E-4B52-BBD3-3AAB4DF704F4}.Debug|x64.ActiveCfg = Debug|Any CPU
		{10D7FB69-121E-4B52-BBD3-3AAB4DF704F4}.Debug|x64.Build.0 = Debug|Any CPU
		{10D7FB69-121E-4B52-BBD3-3AAB4DF704F4}.Debug|x86.ActiveCfg = Debug|Any CPU
		{10D7FB69-121E-4B52-BBD3-3AAB4DF704F4}.Debug|x86.Build.0 = Debug|Any CPU
		{10D7FB69-121E-4B52-BBD3-3AAB4DF704F4}.Release|Any CPU.ActiveCfg = Release|Any CPU
		{10D7FB69-121E-4B52-BBD3-3AAB4DF704F4}.Release|Any CPU.Build.0 = Release|Any CPU
		{10D7FB69-121E-4B52-BBD3-3AAB4DF704F4}.Release|ARM.ActiveCfg = Release|Any CPU
		{10D7FB69-121E-4B52-BBD3-3AAB4DF704F4}.Release|ARM.Build.0 = Release|Any CPU
		{10D7FB69-121E-4B52-BBD3-3AAB4DF704F4}.Release|x64.ActiveCfg = Release|Any CPU
		{10D7FB69-121E-4B52-BBD3-3AAB4DF704F4}.Release|x64.Build.0 = Release|Any CPU
		{10D7FB69-121E-4B52-BBD3-3AAB4DF704F4}.Release|x86.ActiveCfg = Release|Any CPU
		{10D7FB69-121E-4B52-BBD3-3AAB4DF704F4}.Release|x86.Build.0 = Release|Any CPU
		{C1544EED-099B-435D-8F7B-593F0706BBCE}.Debug|Any CPU.ActiveCfg = Debug|Any CPU
		{C1544EED-099B-435D-8F7B-593F0706BBCE}.Debug|Any CPU.Build.0 = Debug|Any CPU
		{C1544EED-099B-435D-8F7B-593F0706BBCE}.Debug|ARM.ActiveCfg = Debug|Any CPU
		{C1544EED-099B-435D-8F7B-593F0706BBCE}.Debug|x64.ActiveCfg = Debug|Any CPU
		{C1544EED-099B-435D-8F7B-593F0706BBCE}.Debug|x86.ActiveCfg = Debug|Any CPU
		{C1544EED-099B-435D-8F7B-593F0706BBCE}.Release|Any CPU.ActiveCfg = Release|Any CPU
		{C1544EED-099B-435D-8F7B-593F0706BBCE}.Release|Any CPU.Build.0 = Release|Any CPU
		{C1544EED-099B-435D-8F7B-593F0706BBCE}.Release|ARM.ActiveCfg = Release|Any CPU
		{C1544EED-099B-435D-8F7B-593F0706BBCE}.Release|x64.ActiveCfg = Release|Any CPU
		{C1544EED-099B-435D-8F7B-593F0706BBCE}.Release|x86.ActiveCfg = Release|Any CPU
	EndGlobalSection
	GlobalSection(SolutionProperties) = preSolution
		HideSolutionNode = FALSE
	EndGlobalSection
EndGlobal
